// !$*UTF8*$!
{
	archiveVersion = 1;
	classes = {
	};
	objectVersion = 50;
	objects = {

/* Begin PBXBuildFile section */
		E50EFE7C266C703C00872A6C /* ScribleInvovation.swift in Sources */ = {isa = PBXBuildFile; fileRef = E50EFE7B266C703C00872A6C /* ScribleInvovation.swift */; };
		E57E3C612663241500377BF7 /* CanvasViewGenerator.swift in Sources */ = {isa = PBXBuildFile; fileRef = E57E3C602663241500377BF7 /* CanvasViewGenerator.swift */; };
		E57E3C6A2663242600377BF7 /* CanvasView.swift in Sources */ = {isa = PBXBuildFile; fileRef = E57E3C692663242600377BF7 /* CanvasView.swift */; };
		E57E3C76266326B300377BF7 /* Scribble.swift in Sources */ = {isa = PBXBuildFile; fileRef = E57E3C75266326B300377BF7 /* Scribble.swift */; };
		E57E3C7E266327AD00377BF7 /* ScribbleMemento.swift in Sources */ = {isa = PBXBuildFile; fileRef = E57E3C7D266327AD00377BF7 /* ScribbleMemento.swift */; };
		E591A94E266277A300A40027 /* AppDelegate.swift in Sources */ = {isa = PBXBuildFile; fileRef = E591A94D266277A300A40027 /* AppDelegate.swift */; };
		E591A950266277A300A40027 /* SceneDelegate.swift in Sources */ = {isa = PBXBuildFile; fileRef = E591A94F266277A300A40027 /* SceneDelegate.swift */; };
		E591A955266277A300A40027 /* Main.storyboard in Resources */ = {isa = PBXBuildFile; fileRef = E591A953266277A300A40027 /* Main.storyboard */; };
		E591A957266277A500A40027 /* Assets.xcassets in Resources */ = {isa = PBXBuildFile; fileRef = E591A956266277A500A40027 /* Assets.xcassets */; };
		E591A95A266277A500A40027 /* LaunchScreen.storyboard in Resources */ = {isa = PBXBuildFile; fileRef = E591A958266277A500A40027 /* LaunchScreen.storyboard */; };
		E591A965266277A500A40027 /* TouchPainter_Swift1Tests.swift in Sources */ = {isa = PBXBuildFile; fileRef = E591A964266277A500A40027 /* TouchPainter_Swift1Tests.swift */; };
		E591A970266277A500A40027 /* TouchPainter_Swift1UITests.swift in Sources */ = {isa = PBXBuildFile; fileRef = E591A96F266277A500A40027 /* TouchPainter_Swift1UITests.swift */; };
		E591A985266278BE00A40027 /* CanvasViewController.swift in Sources */ = {isa = PBXBuildFile; fileRef = E591A984266278BE00A40027 /* CanvasViewController.swift */; };
		E591A98D266278D200A40027 /* ThumbnailViewController.swift in Sources */ = {isa = PBXBuildFile; fileRef = E591A98C266278D200A40027 /* ThumbnailViewController.swift */; };
		E591A992266278DE00A40027 /* PaletteViewController.swift in Sources */ = {isa = PBXBuildFile; fileRef = E591A991266278DE00A40027 /* PaletteViewController.swift */; };
		E591A99B26627D0000A40027 /* ScribbleThumbnailCell.swift in Sources */ = {isa = PBXBuildFile; fileRef = E591A99A26627D0000A40027 /* ScribbleThumbnailCell.swift */; };
		E591A9A726627E5C00A40027 /* ViewUtil.swift in Sources */ = {isa = PBXBuildFile; fileRef = E591A9A626627E5C00A40027 /* ViewUtil.swift */; };
		E591A9B026627EEB00A40027 /* Command.swift in Sources */ = {isa = PBXBuildFile; fileRef = E591A9AF26627EEB00A40027 /* Command.swift */; };
		E591A9B826627F2400A40027 /* CommandBarButton.swift in Sources */ = {isa = PBXBuildFile; fileRef = E591A9B726627F2400A40027 /* CommandBarButton.swift */; };
		E591A9BD26627F5400A40027 /* CommandSlider.swift in Sources */ = {isa = PBXBuildFile; fileRef = E591A9BC26627F5400A40027 /* CommandSlider.swift */; };
		E591A9C226627F8600A40027 /* SetStroleSizeCommand.swift in Sources */ = {isa = PBXBuildFile; fileRef = E591A9C126627F8600A40027 /* SetStroleSizeCommand.swift */; };
		E591A9C72662803000A40027 /* SetStrokeColorCommand.swift in Sources */ = {isa = PBXBuildFile; fileRef = E591A9C62662803000A40027 /* SetStrokeColorCommand.swift */; };
		E591A9D0266283E600A40027 /* Mark.swift in Sources */ = {isa = PBXBuildFile; fileRef = E591A9CF266283E600A40027 /* Mark.swift */; };
		E591A9D52662847900A40027 /* Vertex.swift in Sources */ = {isa = PBXBuildFile; fileRef = E591A9D42662847900A40027 /* Vertex.swift */; };
		E591A9DA2662855900A40027 /* Stroke.swift in Sources */ = {isa = PBXBuildFile; fileRef = E591A9D92662855900A40027 /* Stroke.swift */; };
		E591A9DF266286A000A40027 /* Dot.swift in Sources */ = {isa = PBXBuildFile; fileRef = E591A9DE266286A000A40027 /* Dot.swift */; };
		E591A9E52662871C00A40027 /* MarkVisitor.swift in Sources */ = {isa = PBXBuildFile; fileRef = E591A9E42662871C00A40027 /* MarkVisitor.swift */; };
		E591A9F62662888500A40027 /* MarkRenderer.swift in Sources */ = {isa = PBXBuildFile; fileRef = E591A9F52662888500A40027 /* MarkRenderer.swift */; };
		E591A9FF2662895200A40027 /* CoordinatingController.swift in Sources */ = {isa = PBXBuildFile; fileRef = E591A9FE2662895200A40027 /* CoordinatingController.swift */; };
		E5B668A82663D2D9000554D1 /* SaveScribbleCommand.swift in Sources */ = {isa = PBXBuildFile; fileRef = E5B668A72663D2D9000554D1 /* SaveScribbleCommand.swift */; };
		E5B668AD2663D3B8000554D1 /* DeleteScribbleCommand.swift in Sources */ = {isa = PBXBuildFile; fileRef = E5B668AC2663D3B8000554D1 /* DeleteScribbleCommand.swift */; };
		E5B668B22663D5D9000554D1 /* OpenScribbleCommand.swift in Sources */ = {isa = PBXBuildFile; fileRef = E5B668B12663D5D9000554D1 /* OpenScribbleCommand.swift */; };
		E5B668B82663D600000554D1 /* ScribbleSource.swift in Sources */ = {isa = PBXBuildFile; fileRef = E5B668B72663D600000554D1 /* ScribbleSource.swift */; };
		E5B668C02663D62D000554D1 /* ScribbleThumbnailView.swift in Sources */ = {isa = PBXBuildFile; fileRef = E5B668BF2663D62D000554D1 /* ScribbleThumbnailView.swift */; };
		E5B668C52663D67A000554D1 /* ScribbleThumbnailViewImageProxy.swift in Sources */ = {isa = PBXBuildFile; fileRef = E5B668C42663D67A000554D1 /* ScribbleThumbnailViewImageProxy.swift */; };
		E5DB2DD826637E4700574A4E /* ScribbleManager.swift in Sources */ = {isa = PBXBuildFile; fileRef = E5DB2DD726637E4700574A4E /* ScribbleManager.swift */; };
/* End PBXBuildFile section */

/* Begin PBXContainerItemProxy section */
		E591A961266277A500A40027 /* PBXContainerItemProxy */ = {
			isa = PBXContainerItemProxy;
			containerPortal = E591A942266277A300A40027 /* Project object */;
			proxyType = 1;
			remoteGlobalIDString = E591A949266277A300A40027;
			remoteInfo = "TouchPainter-Swift1";
		};
		E591A96C266277A500A40027 /* PBXContainerItemProxy */ = {
			isa = PBXContainerItemProxy;
			containerPortal = E591A942266277A300A40027 /* Project object */;
			proxyType = 1;
			remoteGlobalIDString = E591A949266277A300A40027;
			remoteInfo = "TouchPainter-Swift1";
		};
/* End PBXContainerItemProxy section */

/* Begin PBXFileReference section */
		E50EFE7B266C703C00872A6C /* ScribleInvovation.swift */ = {isa = PBXFileReference; lastKnownFileType = sourcecode.swift; path = ScribleInvovation.swift; sourceTree = "<group>"; };
		E57E3C602663241500377BF7 /* CanvasViewGenerator.swift */ = {isa = PBXFileReference; lastKnownFileType = sourcecode.swift; path = CanvasViewGenerator.swift; sourceTree = "<group>"; };
		E57E3C692663242600377BF7 /* CanvasView.swift */ = {isa = PBXFileReference; lastKnownFileType = sourcecode.swift; path = CanvasView.swift; sourceTree = "<group>"; };
		E57E3C75266326B300377BF7 /* Scribble.swift */ = {isa = PBXFileReference; lastKnownFileType = sourcecode.swift; path = Scribble.swift; sourceTree = "<group>"; };
		E57E3C7D266327AD00377BF7 /* ScribbleMemento.swift */ = {isa = PBXFileReference; lastKnownFileType = sourcecode.swift; path = ScribbleMemento.swift; sourceTree = "<group>"; };
		E591A94A266277A300A40027 /* TouchPainter-Swift1.app */ = {isa = PBXFileReference; explicitFileType = wrapper.application; includeInIndex = 0; path = "TouchPainter-Swift1.app"; sourceTree = BUILT_PRODUCTS_DIR; };
		E591A94D266277A300A40027 /* AppDelegate.swift */ = {isa = PBXFileReference; lastKnownFileType = sourcecode.swift; path = AppDelegate.swift; sourceTree = "<group>"; };
		E591A94F266277A300A40027 /* SceneDelegate.swift */ = {isa = PBXFileReference; lastKnownFileType = sourcecode.swift; path = SceneDelegate.swift; sourceTree = "<group>"; };
		E591A954266277A300A40027 /* Base */ = {isa = PBXFileReference; lastKnownFileType = file.storyboard; name = Base; path = Base.lproj/Main.storyboard; sourceTree = "<group>"; };
		E591A956266277A500A40027 /* Assets.xcassets */ = {isa = PBXFileReference; lastKnownFileType = folder.assetcatalog; path = Assets.xcassets; sourceTree = "<group>"; };
		E591A959266277A500A40027 /* Base */ = {isa = PBXFileReference; lastKnownFileType = file.storyboard; name = Base; path = Base.lproj/LaunchScreen.storyboard; sourceTree = "<group>"; };
		E591A95B266277A500A40027 /* Info.plist */ = {isa = PBXFileReference; lastKnownFileType = text.plist.xml; path = Info.plist; sourceTree = "<group>"; };
		E591A960266277A500A40027 /* TouchPainter-Swift1Tests.xctest */ = {isa = PBXFileReference; explicitFileType = wrapper.cfbundle; includeInIndex = 0; path = "TouchPainter-Swift1Tests.xctest"; sourceTree = BUILT_PRODUCTS_DIR; };
		E591A964266277A500A40027 /* TouchPainter_Swift1Tests.swift */ = {isa = PBXFileReference; lastKnownFileType = sourcecode.swift; path = TouchPainter_Swift1Tests.swift; sourceTree = "<group>"; };
		E591A966266277A500A40027 /* Info.plist */ = {isa = PBXFileReference; lastKnownFileType = text.plist.xml; path = Info.plist; sourceTree = "<group>"; };
		E591A96B266277A500A40027 /* TouchPainter-Swift1UITests.xctest */ = {isa = PBXFileReference; explicitFileType = wrapper.cfbundle; includeInIndex = 0; path = "TouchPainter-Swift1UITests.xctest"; sourceTree = BUILT_PRODUCTS_DIR; };
		E591A96F266277A500A40027 /* TouchPainter_Swift1UITests.swift */ = {isa = PBXFileReference; lastKnownFileType = sourcecode.swift; path = TouchPainter_Swift1UITests.swift; sourceTree = "<group>"; };
		E591A971266277A500A40027 /* Info.plist */ = {isa = PBXFileReference; lastKnownFileType = text.plist.xml; path = Info.plist; sourceTree = "<group>"; };
		E591A984266278BE00A40027 /* CanvasViewController.swift */ = {isa = PBXFileReference; lastKnownFileType = sourcecode.swift; path = CanvasViewController.swift; sourceTree = "<group>"; };
		E591A98C266278D200A40027 /* ThumbnailViewController.swift */ = {isa = PBXFileReference; lastKnownFileType = sourcecode.swift; path = ThumbnailViewController.swift; sourceTree = "<group>"; };
		E591A991266278DE00A40027 /* PaletteViewController.swift */ = {isa = PBXFileReference; lastKnownFileType = sourcecode.swift; path = PaletteViewController.swift; sourceTree = "<group>"; };
		E591A99A26627D0000A40027 /* ScribbleThumbnailCell.swift */ = {isa = PBXFileReference; lastKnownFileType = sourcecode.swift; path = ScribbleThumbnailCell.swift; sourceTree = "<group>"; };
		E591A9A626627E5C00A40027 /* ViewUtil.swift */ = {isa = PBXFileReference; lastKnownFileType = sourcecode.swift; path = ViewUtil.swift; sourceTree = "<group>"; };
		E591A9AF26627EEB00A40027 /* Command.swift */ = {isa = PBXFileReference; lastKnownFileType = sourcecode.swift; path = Command.swift; sourceTree = "<group>"; };
		E591A9B726627F2400A40027 /* CommandBarButton.swift */ = {isa = PBXFileReference; lastKnownFileType = sourcecode.swift; path = CommandBarButton.swift; sourceTree = "<group>"; };
		E591A9BC26627F5400A40027 /* CommandSlider.swift */ = {isa = PBXFileReference; lastKnownFileType = sourcecode.swift; path = CommandSlider.swift; sourceTree = "<group>"; };
		E591A9C126627F8600A40027 /* SetStroleSizeCommand.swift */ = {isa = PBXFileReference; lastKnownFileType = sourcecode.swift; path = SetStroleSizeCommand.swift; sourceTree = "<group>"; };
		E591A9C62662803000A40027 /* SetStrokeColorCommand.swift */ = {isa = PBXFileReference; lastKnownFileType = sourcecode.swift; path = SetStrokeColorCommand.swift; sourceTree = "<group>"; };
		E591A9CF266283E600A40027 /* Mark.swift */ = {isa = PBXFileReference; lastKnownFileType = sourcecode.swift; path = Mark.swift; sourceTree = "<group>"; };
		E591A9D42662847900A40027 /* Vertex.swift */ = {isa = PBXFileReference; lastKnownFileType = sourcecode.swift; path = Vertex.swift; sourceTree = "<group>"; };
		E591A9D92662855900A40027 /* Stroke.swift */ = {isa = PBXFileReference; lastKnownFileType = sourcecode.swift; path = Stroke.swift; sourceTree = "<group>"; };
		E591A9DE266286A000A40027 /* Dot.swift */ = {isa = PBXFileReference; lastKnownFileType = sourcecode.swift; path = Dot.swift; sourceTree = "<group>"; };
		E591A9E42662871C00A40027 /* MarkVisitor.swift */ = {isa = PBXFileReference; lastKnownFileType = sourcecode.swift; path = MarkVisitor.swift; sourceTree = "<group>"; };
		E591A9F52662888500A40027 /* MarkRenderer.swift */ = {isa = PBXFileReference; lastKnownFileType = sourcecode.swift; path = MarkRenderer.swift; sourceTree = "<group>"; };
		E591A9FE2662895200A40027 /* CoordinatingController.swift */ = {isa = PBXFileReference; lastKnownFileType = sourcecode.swift; path = CoordinatingController.swift; sourceTree = "<group>"; };
		E5B668A72663D2D9000554D1 /* SaveScribbleCommand.swift */ = {isa = PBXFileReference; lastKnownFileType = sourcecode.swift; path = SaveScribbleCommand.swift; sourceTree = "<group>"; };
		E5B668AC2663D3B8000554D1 /* DeleteScribbleCommand.swift */ = {isa = PBXFileReference; lastKnownFileType = sourcecode.swift; path = DeleteScribbleCommand.swift; sourceTree = "<group>"; };
		E5B668B12663D5D9000554D1 /* OpenScribbleCommand.swift */ = {isa = PBXFileReference; lastKnownFileType = sourcecode.swift; path = OpenScribbleCommand.swift; sourceTree = "<group>"; };
		E5B668B72663D600000554D1 /* ScribbleSource.swift */ = {isa = PBXFileReference; lastKnownFileType = sourcecode.swift; path = ScribbleSource.swift; sourceTree = "<group>"; };
		E5B668BF2663D62D000554D1 /* ScribbleThumbnailView.swift */ = {isa = PBXFileReference; lastKnownFileType = sourcecode.swift; path = ScribbleThumbnailView.swift; sourceTree = "<group>"; };
		E5B668C42663D67A000554D1 /* ScribbleThumbnailViewImageProxy.swift */ = {isa = PBXFileReference; lastKnownFileType = sourcecode.swift; path = ScribbleThumbnailViewImageProxy.swift; sourceTree = "<group>"; };
		E5DB2DD726637E4700574A4E /* ScribbleManager.swift */ = {isa = PBXFileReference; lastKnownFileType = sourcecode.swift; path = ScribbleManager.swift; sourceTree = "<group>"; };
/* End PBXFileReference section */

/* Begin PBXFrameworksBuildPhase section */
		E591A947266277A300A40027 /* Frameworks */ = {
			isa = PBXFrameworksBuildPhase;
			buildActionMask = 2147483647;
			files = (
			);
			runOnlyForDeploymentPostprocessing = 0;
		};
		E591A95D266277A500A40027 /* Frameworks */ = {
			isa = PBXFrameworksBuildPhase;
			buildActionMask = 2147483647;
			files = (
			);
			runOnlyForDeploymentPostprocessing = 0;
		};
		E591A968266277A500A40027 /* Frameworks */ = {
			isa = PBXFrameworksBuildPhase;
			buildActionMask = 2147483647;
			files = (
			);
			runOnlyForDeploymentPostprocessing = 0;
		};
/* End PBXFrameworksBuildPhase section */

/* Begin PBXGroup section */
		E50EFE72266C6F9B00872A6C /* Model */ = {
			isa = PBXGroup;
			children = (
				E50EFE7B266C703C00872A6C /* ScribleInvovation.swift */,
			);
			path = Model;
			sourceTree = "<group>";
		};
		E57E3C5F2663240000377BF7 /* Factory Method */ = {
			isa = PBXGroup;
			children = (
				E57E3C602663241500377BF7 /* CanvasViewGenerator.swift */,
			);
			path = "Factory Method";
			sourceTree = "<group>";
		};
		E57E3C682663241A00377BF7 /* Views */ = {
			isa = PBXGroup;
			children = (
				E57E3C692663242600377BF7 /* CanvasView.swift */,
			);
			path = Views;
			sourceTree = "<group>";
		};
		E57E3C74266326A700377BF7 /* Memento Observer */ = {
			isa = PBXGroup;
			children = (
				E57E3C75266326B300377BF7 /* Scribble.swift */,
				E5DB2DD726637E4700574A4E /* ScribbleManager.swift */,
				E57E3C7D266327AD00377BF7 /* ScribbleMemento.swift */,
			);
			path = "Memento Observer";
			sourceTree = "<group>";
		};
		E591A941266277A300A40027 = {
			isa = PBXGroup;
			children = (
				E591A94C266277A300A40027 /* TouchPainter-Swift1 */,
				E591A963266277A500A40027 /* TouchPainter-Swift1Tests */,
				E591A96E266277A500A40027 /* TouchPainter-Swift1UITests */,
				E591A94B266277A300A40027 /* Products */,
			);
			sourceTree = "<group>";
		};
		E591A94B266277A300A40027 /* Products */ = {
			isa = PBXGroup;
			children = (
				E591A94A266277A300A40027 /* TouchPainter-Swift1.app */,
				E591A960266277A500A40027 /* TouchPainter-Swift1Tests.xctest */,
				E591A96B266277A500A40027 /* TouchPainter-Swift1UITests.xctest */,
			);
			name = Products;
			sourceTree = "<group>";
		};
		E591A94C266277A300A40027 /* TouchPainter-Swift1 */ = {
			isa = PBXGroup;
			children = (
				E50EFE72266C6F9B00872A6C /* Model */,
				E5B668B62663D5F4000554D1 /* Proxy */,
				E57E3C74266326A700377BF7 /* Memento Observer */,
				E57E3C682663241A00377BF7 /* Views */,
				E57E3C5F2663240000377BF7 /* Factory Method */,
				E591A9FA2662891700A40027 /* Mediator */,
				E591A9E32662871100A40027 /* Vistor */,
				E591A9CE266283D400A40027 /* Prototype */,
				E591A9AE26627EE100A40027 /* Command */,
				E591A9A526627E2E00A40027 /* Utilites */,
				E591A9832662788A00A40027 /* View Controllers */,
				E591A94D266277A300A40027 /* AppDelegate.swift */,
				E591A94F266277A300A40027 /* SceneDelegate.swift */,
				E591A953266277A300A40027 /* Main.storyboard */,
				E591A956266277A500A40027 /* Assets.xcassets */,
				E591A958266277A500A40027 /* LaunchScreen.storyboard */,
				E591A95B266277A500A40027 /* Info.plist */,
			);
			path = "TouchPainter-Swift1";
			sourceTree = "<group>";
		};
		E591A963266277A500A40027 /* TouchPainter-Swift1Tests */ = {
			isa = PBXGroup;
			children = (
				E591A964266277A500A40027 /* TouchPainter_Swift1Tests.swift */,
				E591A966266277A500A40027 /* Info.plist */,
			);
			path = "TouchPainter-Swift1Tests";
			sourceTree = "<group>";
		};
		E591A96E266277A500A40027 /* TouchPainter-Swift1UITests */ = {
			isa = PBXGroup;
			children = (
				E591A96F266277A500A40027 /* TouchPainter_Swift1UITests.swift */,
				E591A971266277A500A40027 /* Info.plist */,
			);
			path = "TouchPainter-Swift1UITests";
			sourceTree = "<group>";
		};
		E591A9832662788A00A40027 /* View Controllers */ = {
			isa = PBXGroup;
			children = (
				E591A99926627CF200A40027 /* Scribble Thumbnail Cell */,
				E591A984266278BE00A40027 /* CanvasViewController.swift */,
				E591A98C266278D200A40027 /* ThumbnailViewController.swift */,
				E591A991266278DE00A40027 /* PaletteViewController.swift */,
			);
			path = "View Controllers";
			sourceTree = "<group>";
		};
		E591A99926627CF200A40027 /* Scribble Thumbnail Cell */ = {
			isa = PBXGroup;
			children = (
				E591A99A26627D0000A40027 /* ScribbleThumbnailCell.swift */,
			);
			path = "Scribble Thumbnail Cell";
			sourceTree = "<group>";
		};
		E591A9A526627E2E00A40027 /* Utilites */ = {
			isa = PBXGroup;
			children = (
				E591A9A626627E5C00A40027 /* ViewUtil.swift */,
				E591A9B726627F2400A40027 /* CommandBarButton.swift */,
				E591A9BC26627F5400A40027 /* CommandSlider.swift */,
			);
			path = Utilites;
			sourceTree = "<group>";
		};
		E591A9AE26627EE100A40027 /* Command */ = {
			isa = PBXGroup;
			children = (
				E591A9AF26627EEB00A40027 /* Command.swift */,
				E5B668A72663D2D9000554D1 /* SaveScribbleCommand.swift */,
				E5B668AC2663D3B8000554D1 /* DeleteScribbleCommand.swift */,
				E5B668B12663D5D9000554D1 /* OpenScribbleCommand.swift */,
				E591A9C126627F8600A40027 /* SetStroleSizeCommand.swift */,
				E591A9C62662803000A40027 /* SetStrokeColorCommand.swift */,
			);
			path = Command;
			sourceTree = "<group>";
		};
		E591A9CE266283D400A40027 /* Prototype */ = {
			isa = PBXGroup;
			children = (
				E591A9CF266283E600A40027 /* Mark.swift */,
				E591A9D42662847900A40027 /* Vertex.swift */,
				E591A9D92662855900A40027 /* Stroke.swift */,
				E591A9DE266286A000A40027 /* Dot.swift */,
			);
			path = Prototype;
			sourceTree = "<group>";
		};
		E591A9E32662871100A40027 /* Vistor */ = {
			isa = PBXGroup;
			children = (
				E591A9E42662871C00A40027 /* MarkVisitor.swift */,
				E591A9F52662888500A40027 /* MarkRenderer.swift */,
			);
			path = Vistor;
			sourceTree = "<group>";
		};
		E591A9FA2662891700A40027 /* Mediator */ = {
			isa = PBXGroup;
			children = (
				E591A9FE2662895200A40027 /* CoordinatingController.swift */,
			);
			path = Mediator;
			sourceTree = "<group>";
		};
		E5B668B62663D5F4000554D1 /* Proxy */ = {
			isa = PBXGroup;
			children = (
				E5B668B72663D600000554D1 /* ScribbleSource.swift */,
				E5B668BF2663D62D000554D1 /* ScribbleThumbnailView.swift */,
				E5B668C42663D67A000554D1 /* ScribbleThumbnailViewImageProxy.swift */,
			);
			path = Proxy;
			sourceTree = "<group>";
		};
/* End PBXGroup section */

/* Begin PBXNativeTarget section */
		E591A949266277A300A40027 /* TouchPainter-Swift1 */ = {
			isa = PBXNativeTarget;
			buildConfigurationList = E591A974266277A500A40027 /* Build configuration list for PBXNativeTarget "TouchPainter-Swift1" */;
			buildPhases = (
				E591A946266277A300A40027 /* Sources */,
				E591A947266277A300A40027 /* Frameworks */,
				E591A948266277A300A40027 /* Resources */,
			);
			buildRules = (
			);
			dependencies = (
			);
			name = "TouchPainter-Swift1";
			productName = "TouchPainter-Swift1";
			productReference = E591A94A266277A300A40027 /* TouchPainter-Swift1.app */;
			productType = "com.apple.product-type.application";
		};
		E591A95F266277A500A40027 /* TouchPainter-Swift1Tests */ = {
			isa = PBXNativeTarget;
			buildConfigurationList = E591A977266277A500A40027 /* Build configuration list for PBXNativeTarget "TouchPainter-Swift1Tests" */;
			buildPhases = (
				E591A95C266277A500A40027 /* Sources */,
				E591A95D266277A500A40027 /* Frameworks */,
				E591A95E266277A500A40027 /* Resources */,
			);
			buildRules = (
			);
			dependencies = (
				E591A962266277A500A40027 /* PBXTargetDependency */,
			);
			name = "TouchPainter-Swift1Tests";
			productName = "TouchPainter-Swift1Tests";
			productReference = E591A960266277A500A40027 /* TouchPainter-Swift1Tests.xctest */;
			productType = "com.apple.product-type.bundle.unit-test";
		};
		E591A96A266277A500A40027 /* TouchPainter-Swift1UITests */ = {
			isa = PBXNativeTarget;
			buildConfigurationList = E591A97A266277A500A40027 /* Build configuration list for PBXNativeTarget "TouchPainter-Swift1UITests" */;
			buildPhases = (
				E591A967266277A500A40027 /* Sources */,
				E591A968266277A500A40027 /* Frameworks */,
				E591A969266277A500A40027 /* Resources */,
			);
			buildRules = (
			);
			dependencies = (
				E591A96D266277A500A40027 /* PBXTargetDependency */,
			);
			name = "TouchPainter-Swift1UITests";
			productName = "TouchPainter-Swift1UITests";
			productReference = E591A96B266277A500A40027 /* TouchPainter-Swift1UITests.xctest */;
			productType = "com.apple.product-type.bundle.ui-testing";
		};
/* End PBXNativeTarget section */

/* Begin PBXProject section */
		E591A942266277A300A40027 /* Project object */ = {
			isa = PBXProject;
			attributes = {
				LastSwiftUpdateCheck = 1230;
				LastUpgradeCheck = 1230;
				TargetAttributes = {
					E591A949266277A300A40027 = {
						CreatedOnToolsVersion = 12.3;
					};
					E591A95F266277A500A40027 = {
						CreatedOnToolsVersion = 12.3;
						TestTargetID = E591A949266277A300A40027;
					};
					E591A96A266277A500A40027 = {
						CreatedOnToolsVersion = 12.3;
						TestTargetID = E591A949266277A300A40027;
					};
				};
			};
			buildConfigurationList = E591A945266277A300A40027 /* Build configuration list for PBXProject "TouchPainter-Swift1" */;
			compatibilityVersion = "Xcode 9.3";
			developmentRegion = en;
			hasScannedForEncodings = 0;
			knownRegions = (
				en,
				Base,
			);
			mainGroup = E591A941266277A300A40027;
			productRefGroup = E591A94B266277A300A40027 /* Products */;
			projectDirPath = "";
			projectRoot = "";
			targets = (
				E591A949266277A300A40027 /* TouchPainter-Swift1 */,
				E591A95F266277A500A40027 /* TouchPainter-Swift1Tests */,
				E591A96A266277A500A40027 /* TouchPainter-Swift1UITests */,
			);
		};
/* End PBXProject section */

/* Begin PBXResourcesBuildPhase section */
		E591A948266277A300A40027 /* Resources */ = {
			isa = PBXResourcesBuildPhase;
			buildActionMask = 2147483647;
			files = (
				E591A95A266277A500A40027 /* LaunchScreen.storyboard in Resources */,
				E591A957266277A500A40027 /* Assets.xcassets in Resources */,
				E591A955266277A300A40027 /* Main.storyboard in Resources */,
			);
			runOnlyForDeploymentPostprocessing = 0;
		};
		E591A95E266277A500A40027 /* Resources */ = {
			isa = PBXResourcesBuildPhase;
			buildActionMask = 2147483647;
			files = (
			);
			runOnlyForDeploymentPostprocessing = 0;
		};
		E591A969266277A500A40027 /* Resources */ = {
			isa = PBXResourcesBuildPhase;
			buildActionMask = 2147483647;
			files = (
			);
			runOnlyForDeploymentPostprocessing = 0;
		};
/* End PBXResourcesBuildPhase section */

/* Begin PBXSourcesBuildPhase section */
		E591A946266277A300A40027 /* Sources */ = {
			isa = PBXSourcesBuildPhase;
			buildActionMask = 2147483647;
			files = (
				E591A9C72662803000A40027 /* SetStrokeColorCommand.swift in Sources */,
				E591A9FF2662895200A40027 /* CoordinatingController.swift in Sources */,
				E5B668B82663D600000554D1 /* ScribbleSource.swift in Sources */,
				E591A9BD26627F5400A40027 /* CommandSlider.swift in Sources */,
				E591A985266278BE00A40027 /* CanvasViewController.swift in Sources */,
				E5B668B22663D5D9000554D1 /* OpenScribbleCommand.swift in Sources */,
				E591A9B826627F2400A40027 /* CommandBarButton.swift in Sources */,
				E57E3C7E266327AD00377BF7 /* ScribbleMemento.swift in Sources */,
				E591A9A726627E5C00A40027 /* ViewUtil.swift in Sources */,
				E5B668C02663D62D000554D1 /* ScribbleThumbnailView.swift in Sources */,
				E591A9D52662847900A40027 /* Vertex.swift in Sources */,
				E591A94E266277A300A40027 /* AppDelegate.swift in Sources */,
				E5DB2DD826637E4700574A4E /* ScribbleManager.swift in Sources */,
				E57E3C6A2663242600377BF7 /* CanvasView.swift in Sources */,
				E591A9F62662888500A40027 /* MarkRenderer.swift in Sources */,
				E591A9DA2662855900A40027 /* Stroke.swift in Sources */,
				E5B668C52663D67A000554D1 /* ScribbleThumbnailViewImageProxy.swift in Sources */,
				E57E3C612663241500377BF7 /* CanvasViewGenerator.swift in Sources */,
				E591A99B26627D0000A40027 /* ScribbleThumbnailCell.swift in Sources */,
				E591A98D266278D200A40027 /* ThumbnailViewController.swift in Sources */,
				E5B668AD2663D3B8000554D1 /* DeleteScribbleCommand.swift in Sources */,
				E591A992266278DE00A40027 /* PaletteViewController.swift in Sources */,
				E591A9DF266286A000A40027 /* Dot.swift in Sources */,
				E591A9C226627F8600A40027 /* SetStroleSizeCommand.swift in Sources */,
				E591A950266277A300A40027 /* SceneDelegate.swift in Sources */,
				E591A9D0266283E600A40027 /* Mark.swift in Sources */,
				E57E3C76266326B300377BF7 /* Scribble.swift in Sources */,
				E591A9E52662871C00A40027 /* MarkVisitor.swift in Sources */,
				E5B668A82663D2D9000554D1 /* SaveScribbleCommand.swift in Sources */,
				E591A9B026627EEB00A40027 /* Command.swift in Sources */,
				E50EFE7C266C703C00872A6C /* ScribleInvovation.swift in Sources */,
			);
			runOnlyForDeploymentPostprocessing = 0;
		};
		E591A95C266277A500A40027 /* Sources */ = {
			isa = PBXSourcesBuildPhase;
			buildActionMask = 2147483647;
			files = (
				E591A965266277A500A40027 /* TouchPainter_Swift1Tests.swift in Sources */,
			);
			runOnlyForDeploymentPostprocessing = 0;
		};
		E591A967266277A500A40027 /* Sources */ = {
			isa = PBXSourcesBuildPhase;
			buildActionMask = 2147483647;
			files = (
				E591A970266277A500A40027 /* TouchPainter_Swift1UITests.swift in Sources */,
			);
			runOnlyForDeploymentPostprocessing = 0;
		};
/* End PBXSourcesBuildPhase section */

/* Begin PBXTargetDependency section */
		E591A962266277A500A40027 /* PBXTargetDependency */ = {
			isa = PBXTargetDependency;
			target = E591A949266277A300A40027 /* TouchPainter-Swift1 */;
			targetProxy = E591A961266277A500A40027 /* PBXContainerItemProxy */;
		};
		E591A96D266277A500A40027 /* PBXTargetDependency */ = {
			isa = PBXTargetDependency;
			target = E591A949266277A300A40027 /* TouchPainter-Swift1 */;
			targetProxy = E591A96C266277A500A40027 /* PBXContainerItemProxy */;
		};
/* End PBXTargetDependency section */

/* Begin PBXVariantGroup section */
		E591A953266277A300A40027 /* Main.storyboard */ = {
			isa = PBXVariantGroup;
			children = (
				E591A954266277A300A40027 /* Base */,
			);
			name = Main.storyboard;
			sourceTree = "<group>";
		};
		E591A958266277A500A40027 /* LaunchScreen.storyboard */ = {
			isa = PBXVariantGroup;
			children = (
				E591A959266277A500A40027 /* Base */,
			);
			name = LaunchScreen.storyboard;
			sourceTree = "<group>";
		};
/* End PBXVariantGroup section */

/* Begin XCBuildConfiguration section */
		E591A972266277A500A40027 /* Debug */ = {
			isa = XCBuildConfiguration;
			buildSettings = {
				ALWAYS_SEARCH_USER_PATHS = NO;
				CLANG_ANALYZER_NONNULL = YES;
				CLANG_ANALYZER_NUMBER_OBJECT_CONVERSION = YES_AGGRESSIVE;
				CLANG_CXX_LANGUAGE_STANDARD = "gnu++14";
				CLANG_CXX_LIBRARY = "libc++";
				CLANG_ENABLE_MODULES = YES;
				CLANG_ENABLE_OBJC_ARC = YES;
				CLANG_ENABLE_OBJC_WEAK = YES;
				CLANG_WARN_BLOCK_CAPTURE_AUTORELEASING = YES;
				CLANG_WARN_BOOL_CONVERSION = YES;
				CLANG_WARN_COMMA = YES;
				CLANG_WARN_CONSTANT_CONVERSION = YES;
				CLANG_WARN_DEPRECATED_OBJC_IMPLEMENTATIONS = YES;
				CLANG_WARN_DIRECT_OBJC_ISA_USAGE = YES_ERROR;
				CLANG_WARN_DOCUMENTATION_COMMENTS = YES;
				CLANG_WARN_EMPTY_BODY = YES;
				CLANG_WARN_ENUM_CONVERSION = YES;
				CLANG_WARN_INFINITE_RECURSION = YES;
				CLANG_WARN_INT_CONVERSION = YES;
				CLANG_WARN_NON_LITERAL_NULL_CONVERSION = YES;
				CLANG_WARN_OBJC_IMPLICIT_RETAIN_SELF = YES;
				CLANG_WARN_OBJC_LITERAL_CONVERSION = YES;
				CLANG_WARN_OBJC_ROOT_CLASS = YES_ERROR;
				CLANG_WARN_QUOTED_INCLUDE_IN_FRAMEWORK_HEADER = YES;
				CLANG_WARN_RANGE_LOOP_ANALYSIS = YES;
				CLANG_WARN_STRICT_PROTOTYPES = YES;
				CLANG_WARN_SUSPICIOUS_MOVE = YES;
				CLANG_WARN_UNGUARDED_AVAILABILITY = YES_AGGRESSIVE;
				CLANG_WARN_UNREACHABLE_CODE = YES;
				CLANG_WARN__DUPLICATE_METHOD_MATCH = YES;
				COPY_PHASE_STRIP = NO;
				DEBUG_INFORMATION_FORMAT = dwarf;
				ENABLE_STRICT_OBJC_MSGSEND = YES;
				ENABLE_TESTABILITY = YES;
				GCC_C_LANGUAGE_STANDARD = gnu11;
				GCC_DYNAMIC_NO_PIC = NO;
				GCC_NO_COMMON_BLOCKS = YES;
				GCC_OPTIMIZATION_LEVEL = 0;
				GCC_PREPROCESSOR_DEFINITIONS = (
					"DEBUG=1",
					"$(inherited)",
				);
				GCC_WARN_64_TO_32_BIT_CONVERSION = YES;
				GCC_WARN_ABOUT_RETURN_TYPE = YES_ERROR;
				GCC_WARN_UNDECLARED_SELECTOR = YES;
				GCC_WARN_UNINITIALIZED_AUTOS = YES_AGGRESSIVE;
				GCC_WARN_UNUSED_FUNCTION = YES;
				GCC_WARN_UNUSED_VARIABLE = YES;
				IPHONEOS_DEPLOYMENT_TARGET = 14.3;
				MTL_ENABLE_DEBUG_INFO = INCLUDE_SOURCE;
				MTL_FAST_MATH = YES;
				ONLY_ACTIVE_ARCH = YES;
				SDKROOT = iphoneos;
				SWIFT_ACTIVE_COMPILATION_CONDITIONS = DEBUG;
				SWIFT_OPTIMIZATION_LEVEL = "-Onone";
			};
			name = Debug;
		};
		E591A973266277A500A40027 /* Release */ = {
			isa = XCBuildConfiguration;
			buildSettings = {
				ALWAYS_SEARCH_USER_PATHS = NO;
				CLANG_ANALYZER_NONNULL = YES;
				CLANG_ANALYZER_NUMBER_OBJECT_CONVERSION = YES_AGGRESSIVE;
				CLANG_CXX_LANGUAGE_STANDARD = "gnu++14";
				CLANG_CXX_LIBRARY = "libc++";
				CLANG_ENABLE_MODULES = YES;
				CLANG_ENABLE_OBJC_ARC = YES;
				CLANG_ENABLE_OBJC_WEAK = YES;
				CLANG_WARN_BLOCK_CAPTURE_AUTORELEASING = YES;
				CLANG_WARN_BOOL_CONVERSION = YES;
				CLANG_WARN_COMMA = YES;
				CLANG_WARN_CONSTANT_CONVERSION = YES;
				CLANG_WARN_DEPRECATED_OBJC_IMPLEMENTATIONS = YES;
				CLANG_WARN_DIRECT_OBJC_ISA_USAGE = YES_ERROR;
				CLANG_WARN_DOCUMENTATION_COMMENTS = YES;
				CLANG_WARN_EMPTY_BODY = YES;
				CLANG_WARN_ENUM_CONVERSION = YES;
				CLANG_WARN_INFINITE_RECURSION = YES;
				CLANG_WARN_INT_CONVERSION = YES;
				CLANG_WARN_NON_LITERAL_NULL_CONVERSION = YES;
				CLANG_WARN_OBJC_IMPLICIT_RETAIN_SELF = YES;
				CLANG_WARN_OBJC_LITERAL_CONVERSION = YES;
				CLANG_WARN_OBJC_ROOT_CLASS = YES_ERROR;
				CLANG_WARN_QUOTED_INCLUDE_IN_FRAMEWORK_HEADER = YES;
				CLANG_WARN_RANGE_LOOP_ANALYSIS = YES;
				CLANG_WARN_STRICT_PROTOTYPES = YES;
				CLANG_WARN_SUSPICIOUS_MOVE = YES;
				CLANG_WARN_UNGUARDED_AVAILABILITY = YES_AGGRESSIVE;
				CLANG_WARN_UNREACHABLE_CODE = YES;
				CLANG_WARN__DUPLICATE_METHOD_MATCH = YES;
				COPY_PHASE_STRIP = NO;
				DEBUG_INFORMATION_FORMAT = "dwarf-with-dsym";
				ENABLE_NS_ASSERTIONS = NO;
				ENABLE_STRICT_OBJC_MSGSEND = YES;
				GCC_C_LANGUAGE_STANDARD = gnu11;
				GCC_NO_COMMON_BLOCKS = YES;
				GCC_WARN_64_TO_32_BIT_CONVERSION = YES;
				GCC_WARN_ABOUT_RETURN_TYPE = YES_ERROR;
				GCC_WARN_UNDECLARED_SELECTOR = YES;
				GCC_WARN_UNINITIALIZED_AUTOS = YES_AGGRESSIVE;
				GCC_WARN_UNUSED_FUNCTION = YES;
				GCC_WARN_UNUSED_VARIABLE = YES;
				IPHONEOS_DEPLOYMENT_TARGET = 14.3;
				MTL_ENABLE_DEBUG_INFO = NO;
				MTL_FAST_MATH = YES;
				SDKROOT = iphoneos;
				SWIFT_COMPILATION_MODE = wholemodule;
				SWIFT_OPTIMIZATION_LEVEL = "-O";
				VALIDATE_PRODUCT = YES;
			};
			name = Release;
		};
		E591A975266277A500A40027 /* Debug */ = {
			isa = XCBuildConfiguration;
			buildSettings = {
				ASSETCATALOG_COMPILER_APPICON_NAME = AppIcon;
				ASSETCATALOG_COMPILER_GLOBAL_ACCENT_COLOR_NAME = AccentColor;
				CODE_SIGN_STYLE = Automatic;
				INFOPLIST_FILE = "TouchPainter-Swift1/Info.plist";
				LD_RUNPATH_SEARCH_PATHS = (
					"$(inherited)",
					"@executable_path/Frameworks",
				);
				PRODUCT_BUNDLE_IDENTIFIER = "com.hicodeboy.TouchPainter-Swift1";
				PRODUCT_NAME = "$(TARGET_NAME)";
				SWIFT_VERSION = 5.0;
				TARGETED_DEVICE_FAMILY = "1,2";
			};
			name = Debug;
		};
		E591A976266277A500A40027 /* Release */ = {
			isa = XCBuildConfiguration;
			buildSettings = {
				ASSETCATALOG_COMPILER_APPICON_NAME = AppIcon;
				ASSETCATALOG_COMPILER_GLOBAL_ACCENT_COLOR_NAME = AccentColor;
				CODE_SIGN_STYLE = Automatic;
				INFOPLIST_FILE = "TouchPainter-Swift1/Info.plist";
				LD_RUNPATH_SEARCH_PATHS = (
					"$(inherited)",
					"@executable_path/Frameworks",
				);
				PRODUCT_BUNDLE_IDENTIFIER = "com.hicodeboy.TouchPainter-Swift1";
				PRODUCT_NAME = "$(TARGET_NAME)";
				SWIFT_VERSION = 5.0;
				TARGETED_DEVICE_FAMILY = "1,2";
			};
			name = Release;
		};
		E591A978266277A500A40027 /* Debug */ = {
			isa = XCBuildConfiguration;
			buildSettings = {
				ALWAYS_EMBED_SWIFT_STANDARD_LIBRARIES = YES;
				BUNDLE_LOADER = "$(TEST_HOST)";
				CODE_SIGN_STYLE = Automatic;
				INFOPLIST_FILE = "TouchPainter-Swift1Tests/Info.plist";
				IPHONEOS_DEPLOYMENT_TARGET = 14.3;
				LD_RUNPATH_SEARCH_PATHS = (
					"$(inherited)",
					"@executable_path/Frameworks",
					"@loader_path/Frameworks",
				);
				PRODUCT_BUNDLE_IDENTIFIER = "com.hicodeboy.TouchPainter-Swift1Tests";
				PRODUCT_NAME = "$(TARGET_NAME)";
				SWIFT_VERSION = 5.0;
				TARGETED_DEVICE_FAMILY = "1,2";
				TEST_HOST = "$(BUILT_PRODUCTS_DIR)/TouchPainter-Swift1.app/TouchPainter-Swift1";
			};
			name = Debug;
		};
		E591A979266277A500A40027 /* Release */ = {
			isa = XCBuildConfiguration;
			buildSettings = {
				ALWAYS_EMBED_SWIFT_STANDARD_LIBRARIES = YES;
				BUNDLE_LOADER = "$(TEST_HOST)";
				CODE_SIGN_STYLE = Automatic;
				INFOPLIST_FILE = "TouchPainter-Swift1Tests/Info.plist";
				IPHONEOS_DEPLOYMENT_TARGET = 14.3;
				LD_RUNPATH_SEARCH_PATHS = (
					"$(inherited)",
					"@executable_path/Frameworks",
					"@loader_path/Frameworks",
				);
				PRODUCT_BUNDLE_IDENTIFIER = "com.hicodeboy.TouchPainter-Swift1Tests";
				PRODUCT_NAME = "$(TARGET_NAME)";
				SWIFT_VERSION = 5.0;
				TARGETED_DEVICE_FAMILY = "1,2";
				TEST_HOST = "$(BUILT_PRODUCTS_DIR)/TouchPainter-Swift1.app/TouchPainter-Swift1";
			};
			name = Release;
		};
		E591A97B266277A500A40027 /* Debug */ = {
			isa = XCBuildConfiguration;
			buildSettings = {
				ALWAYS_EMBED_SWIFT_STANDARD_LIBRARIES = YES;
				CODE_SIGN_STYLE = Automatic;
				INFOPLIST_FILE = "TouchPainter-Swift1UITests/Info.plist";
				LD_RUNPATH_SEARCH_PATHS = (
					"$(inherited)",
					"@executable_path/Frameworks",
					"@loader_path/Frameworks",
				);
				PRODUCT_BUNDLE_IDENTIFIER = "com.hicodeboy.TouchPainter-Swift1UITests";
				PRODUCT_NAME = "$(TARGET_NAME)";
				SWIFT_VERSION = 5.0;
				TARGETED_DEVICE_FAMILY = "1,2";
				TEST_TARGET_NAME = "TouchPainter-Swift1";
			};
			name = Debug;
		};
		E591A97C266277A500A40027 /* Release */ = {
			isa = XCBuildConfiguration;
			buildSettings = {
				ALWAYS_EMBED_SWIFT_STANDARD_LIBRARIES = YES;
				CODE_SIGN_STYLE = Automatic;
				INFOPLIST_FILE = "TouchPainter-Swift1UITests/Info.plist";
				LD_RUNPATH_SEARCH_PATHS = (
					"$(inherited)",
					"@executable_path/Frameworks",
					"@loader_path/Frameworks",
				);
				PRODUCT_BUNDLE_IDENTIFIER = "com.hicodeboy.TouchPainter-Swift1UITests";
				PRODUCT_NAME = "$(TARGET_NAME)";
				SWIFT_VERSION = 5.0;
				TARGETED_DEVICE_FAMILY = "1,2";
				TEST_TARGET_NAME = "TouchPainter-Swift1";
			};
			name = Release;
		};
/* End XCBuildConfiguration section */

/* Begin XCConfigurationList section */
		E591A945266277A300A40027 /* Build configuration list for PBXProject "TouchPainter-Swift1" */ = {
			isa = XCConfigurationList;
			buildConfigurations = (
				E591A972266277A500A40027 /* Debug */,
				E591A973266277A500A40027 /* Release */,
			);
			defaultConfigurationIsVisible = 0;
			defaultConfigurationName = Release;
		};
		E591A974266277A500A40027 /* Build configuration list for PBXNativeTarget "TouchPainter-Swift1" */ = {
			isa = XCConfigurationList;
			buildConfigurations = (
				E591A975266277A500A40027 /* Debug */,
				E591A976266277A500A40027 /* Release */,
			);
			defaultConfigurationIsVisible = 0;
			defaultConfigurationName = Release;
		};
		E591A977266277A500A40027 /* Build configuration list for PBXNativeTarget "TouchPainter-Swift1Tests" */ = {
			isa = XCConfigurationList;
			buildConfigurations = (
				E591A978266277A500A40027 /* Debug */,
				E591A979266277A500A40027 /* Release */,
			);
			defaultConfigurationIsVisible = 0;
			defaultConfigurationName = Release;
		};
		E591A97A266277A500A40027 /* Build configuration list for PBXNativeTarget "TouchPainter-Swift1UITests" */ = {
			isa = XCConfigurationList;
			buildConfigurations = (
				E591A97B266277A500A40027 /* Debug */,
				E591A97C266277A500A40027 /* Release */,
			);
			defaultConfigurationIsVisible = 0;
			defaultConfigurationName = Release;
		};
/* End XCConfigurationList section */
	};
	rootObject = E591A942266277A300A40027 /* Project object */;
}
